{
  "requires": true,
  "lockfileVersion": 1,
  "dependencies": {
    "@types/datatables.net": {
      "version": "1.10.19",
      "resolved": "https://registry.npmjs.org/@types/datatables.net/-/datatables.net-1.10.19.tgz",
      "integrity": "sha512-WuzgytEmsIpVYZbkce+EvK1UqBI7/cwcC/WgYeAtXdq2zi+yWzJwMT5Yb6irAiOi52DBjeAEeRt3bYzFYvHWCQ==",
      "requires": {
        "@types/jquery": "*"
      }
    },
    "@types/datatables.net-scroller": {
      "version": "1.4.0",
      "resolved": "https://registry.npmjs.org/@types/datatables.net-scroller/-/datatables.net-scroller-1.4.0.tgz",
      "integrity": "sha512-EP7tn8wM6FnuDXc//IvkyiX9PK10PMT00QCBIUxklB/T+z3uoF7VIBq6u9q4WX/9aH/KY4FFjUt8PIfveOp6+g==",
      "requires": {
        "@types/datatables.net": "*",
        "@types/jquery": "*"
      }
    },
    "@types/datatables.net-select": {
      "version": "1.2.6",
      "resolved": "https://registry.npmjs.org/@types/datatables.net-select/-/datatables.net-select-1.2.6.tgz",
      "integrity": "sha512-F114lcN6EuAELInU/ZSb1gGyQNfUFCAdZRbo12dRNtdt+HYxiRHVmow46J7Qy0Hv44/6DaPHwHKhVq35eY3LPg==",
      "requires": {
        "@types/datatables.net": "*",
        "@types/jquery": "*"
      }
    },
    "@types/jquery": {
      "version": "3.5.0",
      "resolved": "https://registry.npmjs.org/@types/jquery/-/jquery-3.5.0.tgz",
      "integrity": "sha512-C7qQUjpMWDUNYQRTXsP5nbYYwCwwgy84yPgoTT7fPN69NH92wLeCtFaMsWeolJD1AF/6uQw3pYt62rzv83sMmw==",
      "requires": {
        "@types/sizzle": "*"
      }
    },
    "@types/sizzle": {
      "version": "2.3.2",
      "resolved": "https://registry.npmjs.org/@types/sizzle/-/sizzle-2.3.2.tgz",
      "integrity": "sha512-7EJYyKTL7tFR8+gDbB6Wwz/arpGa0Mywk1TJbNzKzHtzbwVmY4HR9WqS5VV7dsBUKQmPNr192jHr/VpBluj/hg=="
    }
  }
}
